
Microsoft Visual Studio Solution File, Format Version 12.00
# Visual Studio 15
VisualStudioVersion = 15.0.28307.1433
MinimumVisualStudioVersion = 10.0.40219.1
Project("{FAE04EC0-301F-11D3-BF4B-00C04F79EFBC}") = "ASPdotnetApp", "ASPdotnetApp\ASPdotnetApp.csproj", "{DFC43594-E0EC-49BC-A634-F45EF45F2B7B}"
EndProject
Global
	GlobalSection(SolutionConfigurationPlatforms) = preSolution
		Debug|Any CPU = Debug|Any CPU
		Release|Any CPU = Release|Any CPU
	EndGlobalSection
	GlobalSection(ProjectConfigurationPlatforms) = postSolution
		{DFC43594-E0EC-49BC-A634-F45EF45F2B7B}.Debug|Any CPU.ActiveCfg = Debug|Any CPU
		{DFC43594-E0EC-49BC-A634-F45EF45F2B7B}.Debug|Any CPU.Build.0 = Debug|Any CPU
		{DFC43594-E0EC-49BC-A634-F45EF45F2B7B}.Release|Any CPU.ActiveCfg = Release|Any CPU
		{DFC43594-E0EC-49BC-A634-F45EF45F2B7B}.Release|Any CPU.Build.0 = Release|Any CPU
	EndGlobalSection
	GlobalSection(SolutionProperties) = preSolution
		HideSolutionNode = FALSE
	EndGlobalSection
	GlobalSection(ExtensibilityGlobals) = postSolution
		SolutionGuid = {8987B4F4-122F-4A01-864C-F968423873B2}
	EndGlobalSection
EndGlobal
